
Microsoft Visual Studio Solution File, Format Version 12.00
# Visual Studio Version 16
VisualStudioVersion = 16.0.29215.179
MinimumVisualStudioVersion = 10.0.40219.1
Project("{FAE04EC0-301F-11D3-BF4B-00C04F79EFBC}") = "Downloadfolder-Organizer", "Downloadfolder-Organizer\Downloadfolder-Organizer.csproj", "{A535F845-17E2-49E8-9101-8701C5417EC6}"
EndProject
Global
	GlobalSection(SolutionConfigurationPlatforms) = preSolution
		Debug|Any CPU = Debug|Any CPU
		Release|Any CPU = Release|Any CPU
	EndGlobalSection
	GlobalSection(ProjectConfigurationPlatforms) = postSolution
		{A535F845-17E2-49E8-9101-8701C5417EC6}.Debug|Any CPU.ActiveCfg = Debug|Any CPU
		{A535F845-17E2-49E8-9101-8701C5417EC6}.Debug|Any CPU.Build.0 = Debug|Any CPU
		{A535F845-17E2-49E8-9101-8701C5417EC6}.Release|Any CPU.ActiveCfg = Release|Any CPU
		{A535F845-17E2-49E8-9101-8701C5417EC6}.Release|Any CPU.Build.0 = Release|Any CPU
	EndGlobalSection
	GlobalSection(SolutionProperties) = preSolution
		HideSolutionNode = FALSE
	EndGlobalSection
	GlobalSection(ExtensibilityGlobals) = postSolution
		SolutionGuid = {14340254-3E66-4EC9-B796-5CDC462CE585}
	EndGlobalSection
EndGlobal
